// !$*UTF8*$!
{
	archiveVersion = 1;
	classes = {
	};
	objectVersion = 56;
	objects = {

/* Begin PBXBuildFile section */
		5B8089F868880AA3B14EEE76 /* Pods_UberClone.framework in Frameworks */ = {isa = PBXBuildFile; fileRef = A366471A6D2AD79F13238E5E /* Pods_UberClone.framework */; };
		D53B9F0F299A2466007DA758 /* AppDelegate.swift in Sources */ = {isa = PBXBuildFile; fileRef = D53B9F0E299A2466007DA758 /* AppDelegate.swift */; };
		D53B9F11299A2466007DA758 /* SceneDelegate.swift in Sources */ = {isa = PBXBuildFile; fileRef = D53B9F10299A2466007DA758 /* SceneDelegate.swift */; };
		D53B9F13299A2466007DA758 /* HomeVC.swift in Sources */ = {isa = PBXBuildFile; fileRef = D53B9F12299A2466007DA758 /* HomeVC.swift */; };
		D53B9F16299A2466007DA758 /* Main.storyboard in Resources */ = {isa = PBXBuildFile; fileRef = D53B9F14299A2466007DA758 /* Main.storyboard */; };
		D53B9F18299A2468007DA758 /* Assets.xcassets in Resources */ = {isa = PBXBuildFile; fileRef = D53B9F17299A2468007DA758 /* Assets.xcassets */; };
		D53B9F1B299A2468007DA758 /* LaunchScreen.storyboard in Resources */ = {isa = PBXBuildFile; fileRef = D53B9F19299A2468007DA758 /* LaunchScreen.storyboard */; };
		D53B9F26299A65BF007DA758 /* GradientVew.swift in Sources */ = {isa = PBXBuildFile; fileRef = D53B9F25299A65BF007DA758 /* GradientVew.swift */; };
		D53B9F28299AA20E007DA758 /* RoundedImageView.swift in Sources */ = {isa = PBXBuildFile; fileRef = D53B9F27299AA20E007DA758 /* RoundedImageView.swift */; };
		D53B9F2A299AA378007DA758 /* RoundedShadowView.swift in Sources */ = {isa = PBXBuildFile; fileRef = D53B9F29299AA378007DA758 /* RoundedShadowView.swift */; };
		D53B9F2C299AA567007DA758 /* CircleView.swift in Sources */ = {isa = PBXBuildFile; fileRef = D53B9F2B299AA567007DA758 /* CircleView.swift */; };
		D53B9F2E299AA7DB007DA758 /* RoundedShadowButton.swift in Sources */ = {isa = PBXBuildFile; fileRef = D53B9F2D299AA7DB007DA758 /* RoundedShadowButton.swift */; };
		D53B9F31299ABC00007DA758 /* UIViewExt.swift in Sources */ = {isa = PBXBuildFile; fileRef = D53B9F30299ABC00007DA758 /* UIViewExt.swift */; };
		D53B9F33299AC8B1007DA758 /* LeftSidePanelVC.swift in Sources */ = {isa = PBXBuildFile; fileRef = D53B9F32299AC8B1007DA758 /* LeftSidePanelVC.swift */; };
		D53B9F35299AC942007DA758 /* ContainerVC.swift in Sources */ = {isa = PBXBuildFile; fileRef = D53B9F34299AC942007DA758 /* ContainerVC.swift */; };
		D53B9F38299ACBD4007DA758 /* CenterVCDelegate.swift in Sources */ = {isa = PBXBuildFile; fileRef = D53B9F37299ACBD4007DA758 /* CenterVCDelegate.swift */; };
		D53B9F3A299ADA74007DA758 /* LoginVC.swift in Sources */ = {isa = PBXBuildFile; fileRef = D53B9F39299ADA74007DA758 /* LoginVC.swift */; };
/* End PBXBuildFile section */

/* Begin PBXFileReference section */
		432AACD971D8CE942D00AE51 /* Pods-UberClone.release.xcconfig */ = {isa = PBXFileReference; includeInIndex = 1; lastKnownFileType = text.xcconfig; name = "Pods-UberClone.release.xcconfig"; path = "Target Support Files/Pods-UberClone/Pods-UberClone.release.xcconfig"; sourceTree = "<group>"; };
		A366471A6D2AD79F13238E5E /* Pods_UberClone.framework */ = {isa = PBXFileReference; explicitFileType = wrapper.framework; includeInIndex = 0; path = Pods_UberClone.framework; sourceTree = BUILT_PRODUCTS_DIR; };
		C726CD2E5573FDFE1B370E4E /* Pods-UberClone.debug.xcconfig */ = {isa = PBXFileReference; includeInIndex = 1; lastKnownFileType = text.xcconfig; name = "Pods-UberClone.debug.xcconfig"; path = "Target Support Files/Pods-UberClone/Pods-UberClone.debug.xcconfig"; sourceTree = "<group>"; };
		D53B9F0B299A2466007DA758 /* UberClone.app */ = {isa = PBXFileReference; explicitFileType = wrapper.application; includeInIndex = 0; path = UberClone.app; sourceTree = BUILT_PRODUCTS_DIR; };
		D53B9F0E299A2466007DA758 /* AppDelegate.swift */ = {isa = PBXFileReference; lastKnownFileType = sourcecode.swift; path = AppDelegate.swift; sourceTree = "<group>"; };
		D53B9F10299A2466007DA758 /* SceneDelegate.swift */ = {isa = PBXFileReference; lastKnownFileType = sourcecode.swift; path = SceneDelegate.swift; sourceTree = "<group>"; };
		D53B9F12299A2466007DA758 /* HomeVC.swift */ = {isa = PBXFileReference; lastKnownFileType = sourcecode.swift; path = HomeVC.swift; sourceTree = "<group>"; };
		D53B9F15299A2466007DA758 /* Base */ = {isa = PBXFileReference; lastKnownFileType = file.storyboard; name = Base; path = Base.lproj/Main.storyboard; sourceTree = "<group>"; };
		D53B9F17299A2468007DA758 /* Assets.xcassets */ = {isa = PBXFileReference; lastKnownFileType = folder.assetcatalog; path = Assets.xcassets; sourceTree = "<group>"; };
		D53B9F1A299A2468007DA758 /* Base */ = {isa = PBXFileReference; lastKnownFileType = file.storyboard; name = Base; path = Base.lproj/LaunchScreen.storyboard; sourceTree = "<group>"; };
		D53B9F1C299A2468007DA758 /* Info.plist */ = {isa = PBXFileReference; lastKnownFileType = text.plist.xml; path = Info.plist; sourceTree = "<group>"; };
		D53B9F25299A65BF007DA758 /* GradientVew.swift */ = {isa = PBXFileReference; lastKnownFileType = sourcecode.swift; path = GradientVew.swift; sourceTree = "<group>"; };
		D53B9F27299AA20E007DA758 /* RoundedImageView.swift */ = {isa = PBXFileReference; lastKnownFileType = sourcecode.swift; path = RoundedImageView.swift; sourceTree = "<group>"; };
		D53B9F29299AA378007DA758 /* RoundedShadowView.swift */ = {isa = PBXFileReference; lastKnownFileType = sourcecode.swift; path = RoundedShadowView.swift; sourceTree = "<group>"; };
		D53B9F2B299AA567007DA758 /* CircleView.swift */ = {isa = PBXFileReference; lastKnownFileType = sourcecode.swift; path = CircleView.swift; sourceTree = "<group>"; };
		D53B9F2D299AA7DB007DA758 /* RoundedShadowButton.swift */ = {isa = PBXFileReference; lastKnownFileType = sourcecode.swift; path = RoundedShadowButton.swift; sourceTree = "<group>"; };
		D53B9F30299ABC00007DA758 /* UIViewExt.swift */ = {isa = PBXFileReference; lastKnownFileType = sourcecode.swift; path = UIViewExt.swift; sourceTree = "<group>"; };
		D53B9F32299AC8B1007DA758 /* LeftSidePanelVC.swift */ = {isa = PBXFileReference; lastKnownFileType = sourcecode.swift; path = LeftSidePanelVC.swift; sourceTree = "<group>"; };
		D53B9F34299AC942007DA758 /* ContainerVC.swift */ = {isa = PBXFileReference; lastKnownFileType = sourcecode.swift; path = ContainerVC.swift; sourceTree = "<group>"; };
		D53B9F37299ACBD4007DA758 /* CenterVCDelegate.swift */ = {isa = PBXFileReference; lastKnownFileType = sourcecode.swift; path = CenterVCDelegate.swift; sourceTree = "<group>"; };
		D53B9F39299ADA74007DA758 /* LoginVC.swift */ = {isa = PBXFileReference; lastKnownFileType = sourcecode.swift; path = LoginVC.swift; sourceTree = "<group>"; };
/* End PBXFileReference section */

/* Begin PBXFrameworksBuildPhase section */
		D53B9F08299A2466007DA758 /* Frameworks */ = {
			isa = PBXFrameworksBuildPhase;
			buildActionMask = 2147483647;
			files = (
				5B8089F868880AA3B14EEE76 /* Pods_UberClone.framework in Frameworks */,
			);
			runOnlyForDeploymentPostprocessing = 0;
		};
/* End PBXFrameworksBuildPhase section */

/* Begin PBXGroup section */
		184C6BA1934CFBEF34B03149 /* Pods */ = {
			isa = PBXGroup;
			children = (
				C726CD2E5573FDFE1B370E4E /* Pods-UberClone.debug.xcconfig */,
				432AACD971D8CE942D00AE51 /* Pods-UberClone.release.xcconfig */,
			);
			path = Pods;
			sourceTree = "<group>";
		};
		62F7AC0A8E996F2EBA71A986 /* Frameworks */ = {
			isa = PBXGroup;
			children = (
				A366471A6D2AD79F13238E5E /* Pods_UberClone.framework */,
			);
			name = Frameworks;
			sourceTree = "<group>";
		};
		D53B9F02299A2466007DA758 = {
			isa = PBXGroup;
			children = (
				D53B9F0D299A2466007DA758 /* UberClone */,
				D53B9F0C299A2466007DA758 /* Products */,
				184C6BA1934CFBEF34B03149 /* Pods */,
				62F7AC0A8E996F2EBA71A986 /* Frameworks */,
			);
			sourceTree = "<group>";
		};
		D53B9F0C299A2466007DA758 /* Products */ = {
			isa = PBXGroup;
			children = (
				D53B9F0B299A2466007DA758 /* UberClone.app */,
			);
			name = Products;
			sourceTree = "<group>";
		};
		D53B9F0D299A2466007DA758 /* UberClone */ = {
			isa = PBXGroup;
			children = (
				D53B9F36299ACBC1007DA758 /* Protocols */,
				D53B9F2F299ABBE8007DA758 /* Extensions */,
				D53B9F24299A64C6007DA758 /* Views */,
				D53B9F23299A64BA007DA758 /* Controller */,
				D53B9F22299A64B2007DA758 /* Model */,
				D53B9F0E299A2466007DA758 /* AppDelegate.swift */,
				D53B9F10299A2466007DA758 /* SceneDelegate.swift */,
				D53B9F14299A2466007DA758 /* Main.storyboard */,
				D53B9F17299A2468007DA758 /* Assets.xcassets */,
				D53B9F19299A2468007DA758 /* LaunchScreen.storyboard */,
				D53B9F1C299A2468007DA758 /* Info.plist */,
			);
			path = UberClone;
			sourceTree = "<group>";
		};
		D53B9F22299A64B2007DA758 /* Model */ = {
			isa = PBXGroup;
			children = (
			);
			path = Model;
			sourceTree = "<group>";
		};
		D53B9F23299A64BA007DA758 /* Controller */ = {
			isa = PBXGroup;
			children = (
				D53B9F34299AC942007DA758 /* ContainerVC.swift */,
				D53B9F12299A2466007DA758 /* HomeVC.swift */,
				D53B9F32299AC8B1007DA758 /* LeftSidePanelVC.swift */,
				D53B9F39299ADA74007DA758 /* LoginVC.swift */,
			);
			path = Controller;
			sourceTree = "<group>";
		};
		D53B9F24299A64C6007DA758 /* Views */ = {
			isa = PBXGroup;
			children = (
				D53B9F25299A65BF007DA758 /* GradientVew.swift */,
				D53B9F27299AA20E007DA758 /* RoundedImageView.swift */,
				D53B9F29299AA378007DA758 /* RoundedShadowView.swift */,
				D53B9F2B299AA567007DA758 /* CircleView.swift */,
				D53B9F2D299AA7DB007DA758 /* RoundedShadowButton.swift */,
			);
			path = Views;
			sourceTree = "<group>";
		};
		D53B9F2F299ABBE8007DA758 /* Extensions */ = {
			isa = PBXGroup;
			children = (
				D53B9F30299ABC00007DA758 /* UIViewExt.swift */,
			);
			path = Extensions;
			sourceTree = "<group>";
		};
		D53B9F36299ACBC1007DA758 /* Protocols */ = {
			isa = PBXGroup;
			children = (
				D53B9F37299ACBD4007DA758 /* CenterVCDelegate.swift */,
			);
			path = Protocols;
			sourceTree = "<group>";
		};
/* End PBXGroup section */

/* Begin PBXNativeTarget section */
		D53B9F0A299A2466007DA758 /* UberClone */ = {
			isa = PBXNativeTarget;
			buildConfigurationList = D53B9F1F299A2468007DA758 /* Build configuration list for PBXNativeTarget "UberClone" */;
			buildPhases = (
				83ABCF848E2B1C059BF7E4A7 /* [CP] Check Pods Manifest.lock */,
				D53B9F07299A2466007DA758 /* Sources */,
				D53B9F08299A2466007DA758 /* Frameworks */,
				D53B9F09299A2466007DA758 /* Resources */,
				4E33A8B526AE39DEB03972B1 /* [CP] Embed Pods Frameworks */,
			);
			buildRules = (
			);
			dependencies = (
			);
			name = UberClone;
			productName = UberClone;
			productReference = D53B9F0B299A2466007DA758 /* UberClone.app */;
			productType = "com.apple.product-type.application";
		};
/* End PBXNativeTarget section */

/* Begin PBXProject section */
		D53B9F03299A2466007DA758 /* Project object */ = {
			isa = PBXProject;
			attributes = {
				BuildIndependentTargetsInParallel = 1;
				LastSwiftUpdateCheck = 1420;
				LastUpgradeCheck = 1420;
				TargetAttributes = {
					D53B9F0A299A2466007DA758 = {
						CreatedOnToolsVersion = 14.2;
					};
				};
			};
			buildConfigurationList = D53B9F06299A2466007DA758 /* Build configuration list for PBXProject "UberClone" */;
			compatibilityVersion = "Xcode 14.0";
			developmentRegion = en;
			hasScannedForEncodings = 0;
			knownRegions = (
				en,
				Base,
			);
			mainGroup = D53B9F02299A2466007DA758;
			productRefGroup = D53B9F0C299A2466007DA758 /* Products */;
			projectDirPath = "";
			projectRoot = "";
			targets = (
				D53B9F0A299A2466007DA758 /* UberClone */,
			);
		};
/* End PBXProject section */

/* Begin PBXResourcesBuildPhase section */
		D53B9F09299A2466007DA758 /* Resources */ = {
			isa = PBXResourcesBuildPhase;
			buildActionMask = 2147483647;
			files = (
				D53B9F1B299A2468007DA758 /* LaunchScreen.storyboard in Resources */,
				D53B9F18299A2468007DA758 /* Assets.xcassets in Resources */,
				D53B9F16299A2466007DA758 /* Main.storyboard in Resources */,
			);
			runOnlyForDeploymentPostprocessing = 0;
		};
/* End PBXResourcesBuildPhase section */

/* Begin PBXShellScriptBuildPhase section */
		4E33A8B526AE39DEB03972B1 /* [CP] Embed Pods Frameworks */ = {
			isa = PBXShellScriptBuildPhase;
			buildActionMask = 2147483647;
			files = (
			);
			inputFileListPaths = (
				"${PODS_ROOT}/Target Support Files/Pods-UberClone/Pods-UberClone-frameworks-${CONFIGURATION}-input-files.xcfilelist",
			);
			name = "[CP] Embed Pods Frameworks";
			outputFileListPaths = (
				"${PODS_ROOT}/Target Support Files/Pods-UberClone/Pods-UberClone-frameworks-${CONFIGURATION}-output-files.xcfilelist",
			);
			runOnlyForDeploymentPostprocessing = 0;
			shellPath = /bin/sh;
			shellScript = "\"${PODS_ROOT}/Target Support Files/Pods-UberClone/Pods-UberClone-frameworks.sh\"\n";
			showEnvVarsInLog = 0;
		};
		83ABCF848E2B1C059BF7E4A7 /* [CP] Check Pods Manifest.lock */ = {
			isa = PBXShellScriptBuildPhase;
			buildActionMask = 2147483647;
			files = (
			);
			inputFileListPaths = (
			);
			inputPaths = (
				"${PODS_PODFILE_DIR_PATH}/Podfile.lock",
				"${PODS_ROOT}/Manifest.lock",
			);
			name = "[CP] Check Pods Manifest.lock";
			outputFileListPaths = (
			);
			outputPaths = (
				"$(DERIVED_FILE_DIR)/Pods-UberClone-checkManifestLockResult.txt",
			);
			runOnlyForDeploymentPostprocessing = 0;
			shellPath = /bin/sh;
			shellScript = "diff \"${PODS_PODFILE_DIR_PATH}/Podfile.lock\" \"${PODS_ROOT}/Manifest.lock\" > /dev/null\nif [ $? != 0 ] ; then\n    # print error to STDERR\n    echo \"error: The sandbox is not in sync with the Podfile.lock. Run 'pod install' or update your CocoaPods installation.\" >&2\n    exit 1\nfi\n# This output is used by Xcode 'outputs' to avoid re-running this script phase.\necho \"SUCCESS\" > \"${SCRIPT_OUTPUT_FILE_0}\"\n";
			showEnvVarsInLog = 0;
		};
/* End PBXShellScriptBuildPhase section */

/* Begin PBXSourcesBuildPhase section */
		D53B9F07299A2466007DA758 /* Sources */ = {
			isa = PBXSourcesBuildPhase;
			buildActionMask = 2147483647;
			files = (
				D53B9F31299ABC00007DA758 /* UIViewExt.swift in Sources */,
				D53B9F26299A65BF007DA758 /* GradientVew.swift in Sources */,
				D53B9F28299AA20E007DA758 /* RoundedImageView.swift in Sources */,
				D53B9F2A299AA378007DA758 /* RoundedShadowView.swift in Sources */,
				D53B9F13299A2466007DA758 /* HomeVC.swift in Sources */,
				D53B9F0F299A2466007DA758 /* AppDelegate.swift in Sources */,
				D53B9F38299ACBD4007DA758 /* CenterVCDelegate.swift in Sources */,
				D53B9F2C299AA567007DA758 /* CircleView.swift in Sources */,
				D53B9F11299A2466007DA758 /* SceneDelegate.swift in Sources */,
				D53B9F3A299ADA74007DA758 /* LoginVC.swift in Sources */,
				D53B9F2E299AA7DB007DA758 /* RoundedShadowButton.swift in Sources */,
				D53B9F33299AC8B1007DA758 /* LeftSidePanelVC.swift in Sources */,
				D53B9F35299AC942007DA758 /* ContainerVC.swift in Sources */,
			);
			runOnlyForDeploymentPostprocessing = 0;
		};
/* End PBXSourcesBuildPhase section */

/* Begin PBXVariantGroup section */
		D53B9F14299A2466007DA758 /* Main.storyboard */ = {
			isa = PBXVariantGroup;
			children = (
				D53B9F15299A2466007DA758 /* Base */,
			);
			name = Main.storyboard;
			sourceTree = "<group>";
		};
		D53B9F19299A2468007DA758 /* LaunchScreen.storyboard */ = {
			isa = PBXVariantGroup;
			children = (
				D53B9F1A299A2468007DA758 /* Base */,
			);
			name = LaunchScreen.storyboard;
			sourceTree = "<group>";
		};
/* End PBXVariantGroup section */

/* Begin XCBuildConfiguration section */
		D53B9F1D299A2468007DA758 /* Debug */ = {
			isa = XCBuildConfiguration;
			buildSettings = {
				ALWAYS_SEARCH_USER_PATHS = NO;
				CLANG_ANALYZER_NONNULL = YES;
				CLANG_ANALYZER_NUMBER_OBJECT_CONVERSION = YES_AGGRESSIVE;
				CLANG_CXX_LANGUAGE_STANDARD = "gnu++20";
				CLANG_ENABLE_MODULES = YES;
				CLANG_ENABLE_OBJC_ARC = YES;
				CLANG_ENABLE_OBJC_WEAK = YES;
				CLANG_WARN_BLOCK_CAPTURE_AUTORELEASING = YES;
				CLANG_WARN_BOOL_CONVERSION = YES;
				CLANG_WARN_COMMA = YES;
				CLANG_WARN_CONSTANT_CONVERSION = YES;
				CLANG_WARN_DEPRECATED_OBJC_IMPLEMENTATIONS = YES;
				CLANG_WARN_DIRECT_OBJC_ISA_USAGE = YES_ERROR;
				CLANG_WARN_DOCUMENTATION_COMMENTS = YES;
				CLANG_WARN_EMPTY_BODY = YES;
				CLANG_WARN_ENUM_CONVERSION = YES;
				CLANG_WARN_INFINITE_RECURSION = YES;
				CLANG_WARN_INT_CONVERSION = YES;
				CLANG_WARN_NON_LITERAL_NULL_CONVERSION = YES;
				CLANG_WARN_OBJC_IMPLICIT_RETAIN_SELF = YES;
				CLANG_WARN_OBJC_LITERAL_CONVERSION = YES;
				CLANG_WARN_OBJC_ROOT_CLASS = YES_ERROR;
				CLANG_WARN_QUOTED_INCLUDE_IN_FRAMEWORK_HEADER = YES;
				CLANG_WARN_RANGE_LOOP_ANALYSIS = YES;
				CLANG_WARN_STRICT_PROTOTYPES = YES;
				CLANG_WARN_SUSPICIOUS_MOVE = YES;
				CLANG_WARN_UNGUARDED_AVAILABILITY = YES_AGGRESSIVE;
				CLANG_WARN_UNREACHABLE_CODE = YES;
				CLANG_WARN__DUPLICATE_METHOD_MATCH = YES;
				COPY_PHASE_STRIP = NO;
				DEBUG_INFORMATION_FORMAT = dwarf;
				ENABLE_STRICT_OBJC_MSGSEND = YES;
				ENABLE_TESTABILITY = YES;
				GCC_C_LANGUAGE_STANDARD = gnu11;
				GCC_DYNAMIC_NO_PIC = NO;
				GCC_NO_COMMON_BLOCKS = YES;
				GCC_OPTIMIZATION_LEVEL = 0;
				GCC_PREPROCESSOR_DEFINITIONS = (
					"DEBUG=1",
					"$(inherited)",
				);
				GCC_WARN_64_TO_32_BIT_CONVERSION = YES;
				GCC_WARN_ABOUT_RETURN_TYPE = YES_ERROR;
				GCC_WARN_UNDECLARED_SELECTOR = YES;
				GCC_WARN_UNINITIALIZED_AUTOS = YES_AGGRESSIVE;
				GCC_WARN_UNUSED_FUNCTION = YES;
				GCC_WARN_UNUSED_VARIABLE = YES;
				IPHONEOS_DEPLOYMENT_TARGET = 16.2;
				MTL_ENABLE_DEBUG_INFO = INCLUDE_SOURCE;
				MTL_FAST_MATH = YES;
				ONLY_ACTIVE_ARCH = YES;
				SDKROOT = iphoneos;
				SWIFT_ACTIVE_COMPILATION_CONDITIONS = DEBUG;
				SWIFT_OPTIMIZATION_LEVEL = "-Onone";
			};
			name = Debug;
		};
		D53B9F1E299A2468007DA758 /* Release */ = {
			isa = XCBuildConfiguration;
			buildSettings = {
				ALWAYS_SEARCH_USER_PATHS = NO;
				CLANG_ANALYZER_NONNULL = YES;
				CLANG_ANALYZER_NUMBER_OBJECT_CONVERSION = YES_AGGRESSIVE;
				CLANG_CXX_LANGUAGE_STANDARD = "gnu++20";
				CLANG_ENABLE_MODULES = YES;
				CLANG_ENABLE_OBJC_ARC = YES;
				CLANG_ENABLE_OBJC_WEAK = YES;
				CLANG_WARN_BLOCK_CAPTURE_AUTORELEASING = YES;
				CLANG_WARN_BOOL_CONVERSION = YES;
				CLANG_WARN_COMMA = YES;
				CLANG_WARN_CONSTANT_CONVERSION = YES;
				CLANG_WARN_DEPRECATED_OBJC_IMPLEMENTATIONS = YES;
				CLANG_WARN_DIRECT_OBJC_ISA_USAGE = YES_ERROR;
				CLANG_WARN_DOCUMENTATION_COMMENTS = YES;
				CLANG_WARN_EMPTY_BODY = YES;
				CLANG_WARN_ENUM_CONVERSION = YES;
				CLANG_WARN_INFINITE_RECURSION = YES;
				CLANG_WARN_INT_CONVERSION = YES;
				CLANG_WARN_NON_LITERAL_NULL_CONVERSION = YES;
				CLANG_WARN_OBJC_IMPLICIT_RETAIN_SELF = YES;
				CLANG_WARN_OBJC_LITERAL_CONVERSION = YES;
				CLANG_WARN_OBJC_ROOT_CLASS = YES_ERROR;
				CLANG_WARN_QUOTED_INCLUDE_IN_FRAMEWORK_HEADER = YES;
				CLANG_WARN_RANGE_LOOP_ANALYSIS = YES;
				CLANG_WARN_STRICT_PROTOTYPES = YES;
				CLANG_WARN_SUSPICIOUS_MOVE = YES;
				CLANG_WARN_UNGUARDED_AVAILABILITY = YES_AGGRESSIVE;
				CLANG_WARN_UNREACHABLE_CODE = YES;
				CLANG_WARN__DUPLICATE_METHOD_MATCH = YES;
				COPY_PHASE_STRIP = NO;
				DEBUG_INFORMATION_FORMAT = "dwarf-with-dsym";
				ENABLE_NS_ASSERTIONS = NO;
				ENABLE_STRICT_OBJC_MSGSEND = YES;
				GCC_C_LANGUAGE_STANDARD = gnu11;
				GCC_NO_COMMON_BLOCKS = YES;
				GCC_WARN_64_TO_32_BIT_CONVERSION = YES;
				GCC_WARN_ABOUT_RETURN_TYPE = YES_ERROR;
				GCC_WARN_UNDECLARED_SELECTOR = YES;
				GCC_WARN_UNINITIALIZED_AUTOS = YES_AGGRESSIVE;
				GCC_WARN_UNUSED_FUNCTION = YES;
				GCC_WARN_UNUSED_VARIABLE = YES;
				IPHONEOS_DEPLOYMENT_TARGET = 16.2;
				MTL_ENABLE_DEBUG_INFO = NO;
				MTL_FAST_MATH = YES;
				SDKROOT = iphoneos;
				SWIFT_COMPILATION_MODE = wholemodule;
				SWIFT_OPTIMIZATION_LEVEL = "-O";
				VALIDATE_PRODUCT = YES;
			};
			name = Release;
		};
		D53B9F20299A2468007DA758 /* Debug */ = {
			isa = XCBuildConfiguration;
			baseConfigurationReference = C726CD2E5573FDFE1B370E4E /* Pods-UberClone.debug.xcconfig */;
			buildSettings = {
				ASSETCATALOG_COMPILER_APPICON_NAME = AppIcon;
				ASSETCATALOG_COMPILER_GLOBAL_ACCENT_COLOR_NAME = AccentColor;
				CODE_SIGN_STYLE = Automatic;
				CURRENT_PROJECT_VERSION = 1;
				GENERATE_INFOPLIST_FILE = YES;
				INFOPLIST_FILE = UberClone/Info.plist;
				INFOPLIST_KEY_UIApplicationSupportsIndirectInputEvents = YES;
				INFOPLIST_KEY_UILaunchStoryboardName = LaunchScreen;
				INFOPLIST_KEY_UIMainStoryboardFile = Main;
				INFOPLIST_KEY_UISupportedInterfaceOrientations_iPad = "UIInterfaceOrientationPortrait UIInterfaceOrientationPortraitUpsideDown UIInterfaceOrientationLandscapeLeft UIInterfaceOrientationLandscapeRight";
				INFOPLIST_KEY_UISupportedInterfaceOrientations_iPhone = "UIInterfaceOrientationPortrait UIInterfaceOrientationLandscapeLeft UIInterfaceOrientationLandscapeRight";
				LD_RUNPATH_SEARCH_PATHS = (
					"$(inherited)",
					"@executable_path/Frameworks",
				);
				MARKETING_VERSION = 1.0;
				PRODUCT_BUNDLE_IDENTIFIER = app.hardibsalih.UberClone;
				PRODUCT_NAME = "$(TARGET_NAME)";
				SWIFT_EMIT_LOC_STRINGS = YES;
				SWIFT_VERSION = 5.0;
				TARGETED_DEVICE_FAMILY = "1,2";
			};
			name = Debug;
		};
		D53B9F21299A2468007DA758 /* Release */ = {
			isa = XCBuildConfiguration;
			baseConfigurationReference = 432AACD971D8CE942D00AE51 /* Pods-UberClone.release.xcconfig */;
			buildSettings = {
				ASSETCATALOG_COMPILER_APPICON_NAME = AppIcon;
				ASSETCATALOG_COMPILER_GLOBAL_ACCENT_COLOR_NAME = AccentColor;
				CODE_SIGN_STYLE = Automatic;
				CURRENT_PROJECT_VERSION = 1;
				GENERATE_INFOPLIST_FILE = YES;
				INFOPLIST_FILE = UberClone/Info.plist;
				INFOPLIST_KEY_UIApplicationSupportsIndirectInputEvents = YES;
				INFOPLIST_KEY_UILaunchStoryboardName = LaunchScreen;
				INFOPLIST_KEY_UIMainStoryboardFile = Main;
				INFOPLIST_KEY_UISupportedInterfaceOrientations_iPad = "UIInterfaceOrientationPortrait UIInterfaceOrientationPortraitUpsideDown UIInterfaceOrientationLandscapeLeft UIInterfaceOrientationLandscapeRight";
				INFOPLIST_KEY_UISupportedInterfaceOrientations_iPhone = "UIInterfaceOrientationPortrait UIInterfaceOrientationLandscapeLeft UIInterfaceOrientationLandscapeRight";
				LD_RUNPATH_SEARCH_PATHS = (
					"$(inherited)",
					"@executable_path/Frameworks",
				);
				MARKETING_VERSION = 1.0;
				PRODUCT_BUNDLE_IDENTIFIER = app.hardibsalih.UberClone;
				PRODUCT_NAME = "$(TARGET_NAME)";
				SWIFT_EMIT_LOC_STRINGS = YES;
				SWIFT_VERSION = 5.0;
				TARGETED_DEVICE_FAMILY = "1,2";
			};
			name = Release;
		};
/* End XCBuildConfiguration section */

/* Begin XCConfigurationList section */
		D53B9F06299A2466007DA758 /* Build configuration list for PBXProject "UberClone" */ = {
			isa = XCConfigurationList;
			buildConfigurations = (
				D53B9F1D299A2468007DA758 /* Debug */,
				D53B9F1E299A2468007DA758 /* Release */,
			);
			defaultConfigurationIsVisible = 0;
			defaultConfigurationName = Release;
		};
		D53B9F1F299A2468007DA758 /* Build configuration list for PBXNativeTarget "UberClone" */ = {
			isa = XCConfigurationList;
			buildConfigurations = (
				D53B9F20299A2468007DA758 /* Debug */,
				D53B9F21299A2468007DA758 /* Release */,
			);
			defaultConfigurationIsVisible = 0;
			defaultConfigurationName = Release;
		};
/* End XCConfigurationList section */
	};
	rootObject = D53B9F03299A2466007DA758 /* Project object */;
}
